
Microsoft Visual Studio Solution File, Format Version 12.00
# Visual Studio Version 16
VisualStudioVersion = 16.0.30225.117
MinimumVisualStudioVersion = 10.0.40219.1
Project("{FAE04EC0-301F-11D3-BF4B-00C04F79EFBC}") = "CourseRobotPart1", "CourseRobotPart1.csproj", "{F6F32EB1-2463-48D6-AFA6-BBDB9AB4B75A}"
EndProject
Project("{FAE04EC0-301F-11D3-BF4B-00C04F79EFBC}") = "CourseRobotPart2", "..\Part2\CourseRobotPart2.csproj", "{4055AAE9-9E04-4EAE-A17D-9AE6F66D3181}"
EndProject
Project("{FAE04EC0-301F-11D3-BF4B-00C04F79EFBC}") = "CourseRobotPart3", "..\Part3\CourseRobotPart3.csproj", "{4E96A0BE-BB7D-403F-9C6B-E49ABC642BB4}"
EndProject
Global
	GlobalSection(SolutionConfigurationPlatforms) = preSolution
		Debug|Any CPU = Debug|Any CPU
		Release|Any CPU = Release|Any CPU
	EndGlobalSection
	GlobalSection(ProjectConfigurationPlatforms) = postSolution
		{F6F32EB1-2463-48D6-AFA6-BBDB9AB4B75A}.Debug|Any CPU.ActiveCfg = Debug|Any CPU
		{F6F32EB1-2463-48D6-AFA6-BBDB9AB4B75A}.Debug|Any CPU.Build.0 = Debug|Any CPU
		{F6F32EB1-2463-48D6-AFA6-BBDB9AB4B75A}.Release|Any CPU.ActiveCfg = Release|Any CPU
		{F6F32EB1-2463-48D6-AFA6-BBDB9AB4B75A}.Release|Any CPU.Build.0 = Release|Any CPU
		{4055AAE9-9E04-4EAE-A17D-9AE6F66D3181}.Debug|Any CPU.ActiveCfg = Debug|Any CPU
		{4055AAE9-9E04-4EAE-A17D-9AE6F66D3181}.Debug|Any CPU.Build.0 = Debug|Any CPU
		{4055AAE9-9E04-4EAE-A17D-9AE6F66D3181}.Release|Any CPU.ActiveCfg = Release|Any CPU
		{4055AAE9-9E04-4EAE-A17D-9AE6F66D3181}.Release|Any CPU.Build.0 = Release|Any CPU
		{4E96A0BE-BB7D-403F-9C6B-E49ABC642BB4}.Debug|Any CPU.ActiveCfg = Debug|Any CPU
		{4E96A0BE-BB7D-403F-9C6B-E49ABC642BB4}.Debug|Any CPU.Build.0 = Debug|Any CPU
		{4E96A0BE-BB7D-403F-9C6B-E49ABC642BB4}.Release|Any CPU.ActiveCfg = Release|Any CPU
		{4E96A0BE-BB7D-403F-9C6B-E49ABC642BB4}.Release|Any CPU.Build.0 = Release|Any CPU
	EndGlobalSection
	GlobalSection(SolutionProperties) = preSolution
		HideSolutionNode = FALSE
	EndGlobalSection
	GlobalSection(ExtensibilityGlobals) = postSolution
		SolutionGuid = {C1C30678-2BB2-4180-AFE9-9DD31B4E050C}
	EndGlobalSection
EndGlobal
