
Microsoft Visual Studio Solution File, Format Version 12.00
# Visual Studio 16
Project("{FAE04EC0-301F-11D3-BF4B-00C04F79EFBC}") = "Assembly-CSharp", "Assembly-CSharp.csproj", "{3B5C7341-4469-E4D4-EBE8-F4B70FAC96EE}"
EndProject
Project("{FAE04EC0-301F-11D3-BF4B-00C04F79EFBC}") = "Assembly-CSharp-Editor", "Assembly-CSharp-Editor.csproj", "{16E9DC9B-73D1-979B-CBAB-69D61E0188B8}"
EndProject
Global
	GlobalSection(SolutionConfigurationPlatforms) = preSolution
		Debug|Any CPU = Debug|Any CPU
		Release|Any CPU = Release|Any CPU
	EndGlobalSection
	GlobalSection(ProjectConfigurationPlatforms) = postSolution
		{3B5C7341-4469-E4D4-EBE8-F4B70FAC96EE}.Debug|Any CPU.ActiveCfg = Debug|Any CPU
		{3B5C7341-4469-E4D4-EBE8-F4B70FAC96EE}.Debug|Any CPU.Build.0 = Debug|Any CPU
		{3B5C7341-4469-E4D4-EBE8-F4B70FAC96EE}.Release|Any CPU.ActiveCfg = Release|Any CPU
		{3B5C7341-4469-E4D4-EBE8-F4B70FAC96EE}.Release|Any CPU.Build.0 = Release|Any CPU
		{16E9DC9B-73D1-979B-CBAB-69D61E0188B8}.Debug|Any CPU.ActiveCfg = Debug|Any CPU
		{16E9DC9B-73D1-979B-CBAB-69D61E0188B8}.Debug|Any CPU.Build.0 = Debug|Any CPU
		{16E9DC9B-73D1-979B-CBAB-69D61E0188B8}.Release|Any CPU.ActiveCfg = Release|Any CPU
		{16E9DC9B-73D1-979B-CBAB-69D61E0188B8}.Release|Any CPU.Build.0 = Release|Any CPU
	EndGlobalSection
	GlobalSection(SolutionProperties) = preSolution
		HideSolutionNode = FALSE
	EndGlobalSection
EndGlobal
