
Microsoft Visual Studio Solution File, Format Version 12.00
# Visual Studio Version 16
VisualStudioVersion = 16.0.31105.61
MinimumVisualStudioVersion = 10.0.40219.1
Project("{FAE04EC0-301F-11D3-BF4B-00C04F79EFBC}") = "TD8962Part1", "TD8962Part1.csproj", "{F6F32EB1-2463-48D6-AFA6-BBDB9AB4B75A}"
EndProject
Global
	GlobalSection(SolutionConfigurationPlatforms) = preSolution
		Debug|Any CPU = Debug|Any CPU
		Release|Any CPU = Release|Any CPU
	EndGlobalSection
	GlobalSection(ProjectConfigurationPlatforms) = postSolution
		{F6F32EB1-2463-48D6-AFA6-BBDB9AB4B75A}.Debug|Any CPU.ActiveCfg = Debug|Any CPU
		{F6F32EB1-2463-48D6-AFA6-BBDB9AB4B75A}.Debug|Any CPU.Build.0 = Debug|Any CPU
		{F6F32EB1-2463-48D6-AFA6-BBDB9AB4B75A}.Release|Any CPU.ActiveCfg = Release|Any CPU
		{F6F32EB1-2463-48D6-AFA6-BBDB9AB4B75A}.Release|Any CPU.Build.0 = Release|Any CPU
	EndGlobalSection
	GlobalSection(SolutionProperties) = preSolution
		HideSolutionNode = FALSE
	EndGlobalSection
	GlobalSection(ExtensibilityGlobals) = postSolution
		SolutionGuid = {473C9EA9-80CB-46E7-A008-1448D3749530}
	EndGlobalSection
EndGlobal
